
Microsoft Visual Studio Solution File, Format Version 12.00
# Visual Studio 15
VisualStudioVersion = 15.0.27130.2036
MinimumVisualStudioVersion = 10.0.40219.1
Project("{9A19103F-16F7-4668-BE54-9A1E7A4F7556}") = "FeedPortal.WebApi", "FeedPortal\FeedPortal.WebApi.csproj", "{EF44BEA8-56AB-4C11-8BC5-1536B6E976E6}"
EndProject
Project("{9A19103F-16F7-4668-BE54-9A1E7A4F7556}") = "FeedPortal.Core", "FeedPortal.Core\FeedPortal.Core.csproj", "{4356AD77-1F13-4F51-8F8B-F0A4A1F49EF7}"
EndProject
Project("{FAE04EC0-301F-11D3-BF4B-00C04F79EFBC}") = "FeedPortal.Test", "FeedPortal.Test\FeedPortal.Test.csproj", "{17D39440-150E-4EF2-89AE-2B2CBC68C57F}"
EndProject
Global
	GlobalSection(SolutionConfigurationPlatforms) = preSolution
		Debug|Any CPU = Debug|Any CPU
		Release|Any CPU = Release|Any CPU
	EndGlobalSection
	GlobalSection(ProjectConfigurationPlatforms) = postSolution
		{EF44BEA8-56AB-4C11-8BC5-1536B6E976E6}.Debug|Any CPU.ActiveCfg = Debug|Any CPU
		{EF44BEA8-56AB-4C11-8BC5-1536B6E976E6}.Debug|Any CPU.Build.0 = Debug|Any CPU
		{EF44BEA8-56AB-4C11-8BC5-1536B6E976E6}.Release|Any CPU.ActiveCfg = Release|Any CPU
		{EF44BEA8-56AB-4C11-8BC5-1536B6E976E6}.Release|Any CPU.Build.0 = Release|Any CPU
		{4356AD77-1F13-4F51-8F8B-F0A4A1F49EF7}.Debug|Any CPU.ActiveCfg = Debug|Any CPU
		{4356AD77-1F13-4F51-8F8B-F0A4A1F49EF7}.Debug|Any CPU.Build.0 = Debug|Any CPU
		{4356AD77-1F13-4F51-8F8B-F0A4A1F49EF7}.Release|Any CPU.ActiveCfg = Release|Any CPU
		{4356AD77-1F13-4F51-8F8B-F0A4A1F49EF7}.Release|Any CPU.Build.0 = Release|Any CPU
		{17D39440-150E-4EF2-89AE-2B2CBC68C57F}.Debug|Any CPU.ActiveCfg = Debug|Any CPU
		{17D39440-150E-4EF2-89AE-2B2CBC68C57F}.Debug|Any CPU.Build.0 = Debug|Any CPU
		{17D39440-150E-4EF2-89AE-2B2CBC68C57F}.Release|Any CPU.ActiveCfg = Release|Any CPU
		{17D39440-150E-4EF2-89AE-2B2CBC68C57F}.Release|Any CPU.Build.0 = Release|Any CPU
	EndGlobalSection
	GlobalSection(SolutionProperties) = preSolution
		HideSolutionNode = FALSE
	EndGlobalSection
	GlobalSection(ExtensibilityGlobals) = postSolution
		SolutionGuid = {6002F6E2-D14B-4C14-A5CE-C31C061580C5}
	EndGlobalSection
EndGlobal
